
Microsoft Visual Studio Solution File, Format Version 12.00
# Visual Studio Version 17
VisualStudioVersion = 17.0.31903.59
MinimumVisualStudioVersion = 10.0.40219.1
Project("{2150E333-8FDC-42A3-9474-1A3956D46DE8}") = "src", "src", "{827E0CD3-B72D-47B6-A68D-7590B98EB39B}"
EndProject
Project("{FAE04EC0-301F-11D3-BF4B-00C04F79EFBC}") = "OneStop.Domain", "src\OneStop.Domain\OneStop.Domain.csproj", "{EAE5ACC2-8C76-4877-8D67-6896AE9E74EE}"
EndProject
Project("{FAE04EC0-301F-11D3-BF4B-00C04F79EFBC}") = "OneStop.Application", "src\OneStop.Application\OneStop.Application.csproj", "{2321FD9C-C702-4FD7-8A2F-908AC1955AEE}"
EndProject
Project("{FAE04EC0-301F-11D3-BF4B-00C04F79EFBC}") = "OneStop.Infrastructure", "src\OneStop.Infrastructure\OneStop.Infrastructure.csproj", "{0CE418D2-6B23-4E64-852D-5D50936F2897}"
EndProject
Project("{FAE04EC0-301F-11D3-BF4B-00C04F79EFBC}") = "OneStop.Presentation", "src\OneStop.Presentation\OneStop.Presentation.csproj", "{F7322AEB-EAF1-4FBC-8C93-1336A3DD5F91}"
EndProject
Project("{2150E333-8FDC-42A3-9474-1A3956D46DE8}") = "tests", "tests", "{0AB3BF05-4346-4AA6-1389-037BE0695223}"
EndProject
Project("{FAE04EC0-301F-11D3-BF4B-00C04F79EFBC}") = "OneStop.Tests", "tests\OneStop.Tests\OneStop.Tests.csproj", "{FA0A2789-3321-4C5B-B73C-EB03E754EC09}"
EndProject
Global
	GlobalSection(SolutionConfigurationPlatforms) = preSolution
		Debug|Any CPU = Debug|Any CPU
		Debug|x64 = Debug|x64
		Debug|x86 = Debug|x86
		Release|Any CPU = Release|Any CPU
		Release|x64 = Release|x64
		Release|x86 = Release|x86
	EndGlobalSection
	GlobalSection(ProjectConfigurationPlatforms) = postSolution
		{EAE5ACC2-8C76-4877-8D67-6896AE9E74EE}.Debug|Any CPU.ActiveCfg = Debug|Any CPU
		{EAE5ACC2-8C76-4877-8D67-6896AE9E74EE}.Debug|Any CPU.Build.0 = Debug|Any CPU
		{EAE5ACC2-8C76-4877-8D67-6896AE9E74EE}.Debug|x64.ActiveCfg = Debug|Any CPU
		{EAE5ACC2-8C76-4877-8D67-6896AE9E74EE}.Debug|x64.Build.0 = Debug|Any CPU
		{EAE5ACC2-8C76-4877-8D67-6896AE9E74EE}.Debug|x86.ActiveCfg = Debug|Any CPU
		{EAE5ACC2-8C76-4877-8D67-6896AE9E74EE}.Debug|x86.Build.0 = Debug|Any CPU
		{EAE5ACC2-8C76-4877-8D67-6896AE9E74EE}.Release|Any CPU.ActiveCfg = Release|Any CPU
		{EAE5ACC2-8C76-4877-8D67-6896AE9E74EE}.Release|Any CPU.Build.0 = Release|Any CPU
		{EAE5ACC2-8C76-4877-8D67-6896AE9E74EE}.Release|x64.ActiveCfg = Release|Any CPU
		{EAE5ACC2-8C76-4877-8D67-6896AE9E74EE}.Release|x64.Build.0 = Release|Any CPU
		{EAE5ACC2-8C76-4877-8D67-6896AE9E74EE}.Release|x86.ActiveCfg = Release|Any CPU
		{EAE5ACC2-8C76-4877-8D67-6896AE9E74EE}.Release|x86.Build.0 = Release|Any CPU
		{2321FD9C-C702-4FD7-8A2F-908AC1955AEE}.Debug|Any CPU.ActiveCfg = Debug|Any CPU
		{2321FD9C-C702-4FD7-8A2F-908AC1955AEE}.Debug|Any CPU.Build.0 = Debug|Any CPU
		{2321FD9C-C702-4FD7-8A2F-908AC1955AEE}.Debug|x64.ActiveCfg = Debug|Any CPU
		{2321FD9C-C702-4FD7-8A2F-908AC1955AEE}.Debug|x64.Build.0 = Debug|Any CPU
		{2321FD9C-C702-4FD7-8A2F-908AC1955AEE}.Debug|x86.ActiveCfg = Debug|Any CPU
		{2321FD9C-C702-4FD7-8A2F-908AC1955AEE}.Debug|x86.Build.0 = Debug|Any CPU
		{2321FD9C-C702-4FD7-8A2F-908AC1955AEE}.Release|Any CPU.ActiveCfg = Release|Any CPU
		{2321FD9C-C702-4FD7-8A2F-908AC1955AEE}.Release|Any CPU.Build.0 = Release|Any CPU
		{2321FD9C-C702-4FD7-8A2F-908AC1955AEE}.Release|x64.ActiveCfg = Release|Any CPU
		{2321FD9C-C702-4FD7-8A2F-908AC1955AEE}.Release|x64.Build.0 = Release|Any CPU
		{2321FD9C-C702-4FD7-8A2F-908AC1955AEE}.Release|x86.ActiveCfg = Release|Any CPU
		{2321FD9C-C702-4FD7-8A2F-908AC1955AEE}.Release|x86.Build.0 = Release|Any CPU
		{0CE418D2-6B23-4E64-852D-5D50936F2897}.Debug|Any CPU.ActiveCfg = Debug|Any CPU
		{0CE418D2-6B23-4E64-852D-5D50936F2897}.Debug|Any CPU.Build.0 = Debug|Any CPU
		{0CE418D2-6B23-4E64-852D-5D50936F2897}.Debug|x64.ActiveCfg = Debug|Any CPU
		{0CE418D2-6B23-4E64-852D-5D50936F2897}.Debug|x64.Build.0 = Debug|Any CPU
		{0CE418D2-6B23-4E64-852D-5D50936F2897}.Debug|x86.ActiveCfg = Debug|Any CPU
		{0CE418D2-6B23-4E64-852D-5D50936F2897}.Debug|x86.Build.0 = Debug|Any CPU
		{0CE418D2-6B23-4E64-852D-5D50936F2897}.Release|Any CPU.ActiveCfg = Release|Any CPU
		{0CE418D2-6B23-4E64-852D-5D50936F2897}.Release|Any CPU.Build.0 = Release|Any CPU
		{0CE418D2-6B23-4E64-852D-5D50936F2897}.Release|x64.ActiveCfg = Release|Any CPU
		{0CE418D2-6B23-4E64-852D-5D50936F2897}.Release|x64.Build.0 = Release|Any CPU
		{0CE418D2-6B23-4E64-852D-5D50936F2897}.Release|x86.ActiveCfg = Release|Any CPU
		{0CE418D2-6B23-4E64-852D-5D50936F2897}.Release|x86.Build.0 = Release|Any CPU
		{F7322AEB-EAF1-4FBC-8C93-1336A3DD5F91}.Debug|Any CPU.ActiveCfg = Debug|Any CPU
		{F7322AEB-EAF1-4FBC-8C93-1336A3DD5F91}.Debug|Any CPU.Build.0 = Debug|Any CPU
		{F7322AEB-EAF1-4FBC-8C93-1336A3DD5F91}.Debug|x64.ActiveCfg = Debug|Any CPU
		{F7322AEB-EAF1-4FBC-8C93-1336A3DD5F91}.Debug|x64.Build.0 = Debug|Any CPU
		{F7322AEB-EAF1-4FBC-8C93-1336A3DD5F91}.Debug|x86.ActiveCfg = Debug|Any CPU
		{F7322AEB-EAF1-4FBC-8C93-1336A3DD5F91}.Debug|x86.Build.0 = Debug|Any CPU
		{F7322AEB-EAF1-4FBC-8C93-1336A3DD5F91}.Release|Any CPU.ActiveCfg = Release|Any CPU
		{F7322AEB-EAF1-4FBC-8C93-1336A3DD5F91}.Release|Any CPU.Build.0 = Release|Any CPU
		{F7322AEB-EAF1-4FBC-8C93-1336A3DD5F91}.Release|x64.ActiveCfg = Release|Any CPU
		{F7322AEB-EAF1-4FBC-8C93-1336A3DD5F91}.Release|x64.Build.0 = Release|Any CPU
		{F7322AEB-EAF1-4FBC-8C93-1336A3DD5F91}.Release|x86.ActiveCfg = Release|Any CPU
		{F7322AEB-EAF1-4FBC-8C93-1336A3DD5F91}.Release|x86.Build.0 = Release|Any CPU
		{FA0A2789-3321-4C5B-B73C-EB03E754EC09}.Debug|Any CPU.ActiveCfg = Debug|Any CPU
		{FA0A2789-3321-4C5B-B73C-EB03E754EC09}.Debug|Any CPU.Build.0 = Debug|Any CPU
		{FA0A2789-3321-4C5B-B73C-EB03E754EC09}.Debug|x64.ActiveCfg = Debug|Any CPU
		{FA0A2789-3321-4C5B-B73C-EB03E754EC09}.Debug|x64.Build.0 = Debug|Any CPU
		{FA0A2789-3321-4C5B-B73C-EB03E754EC09}.Debug|x86.ActiveCfg = Debug|Any CPU
		{FA0A2789-3321-4C5B-B73C-EB03E754EC09}.Debug|x86.Build.0 = Debug|Any CPU
		{FA0A2789-3321-4C5B-B73C-EB03E754EC09}.Release|Any CPU.ActiveCfg = Release|Any CPU
		{FA0A2789-3321-4C5B-B73C-EB03E754EC09}.Release|Any CPU.Build.0 = Release|Any CPU
		{FA0A2789-3321-4C5B-B73C-EB03E754EC09}.Release|x64.ActiveCfg = Release|Any CPU
		{FA0A2789-3321-4C5B-B73C-EB03E754EC09}.Release|x64.Build.0 = Release|Any CPU
		{FA0A2789-3321-4C5B-B73C-EB03E754EC09}.Release|x86.ActiveCfg = Release|Any CPU
		{FA0A2789-3321-4C5B-B73C-EB03E754EC09}.Release|x86.Build.0 = Release|Any CPU
	EndGlobalSection
	GlobalSection(SolutionProperties) = preSolution
		HideSolutionNode = FALSE
	EndGlobalSection
	GlobalSection(NestedProjects) = preSolution
		{EAE5ACC2-8C76-4877-8D67-6896AE9E74EE} = {827E0CD3-B72D-47B6-A68D-7590B98EB39B}
		{2321FD9C-C702-4FD7-8A2F-908AC1955AEE} = {827E0CD3-B72D-47B6-A68D-7590B98EB39B}
		{0CE418D2-6B23-4E64-852D-5D50936F2897} = {827E0CD3-B72D-47B6-A68D-7590B98EB39B}
		{F7322AEB-EAF1-4FBC-8C93-1336A3DD5F91} = {827E0CD3-B72D-47B6-A68D-7590B98EB39B}
		{FA0A2789-3321-4C5B-B73C-EB03E754EC09} = {0AB3BF05-4346-4AA6-1389-037BE0695223}
	EndGlobalSection
EndGlobal
